
Microsoft Visual Studio Solution File, Format Version 12.00
# Visual Studio Version 17
VisualStudioVersion = 17.3.32929.385
MinimumVisualStudioVersion = 10.0.40219.1
Project("{FAE04EC0-301F-11D3-BF4B-00C04F79EFBC}") = "Torok_Erika_Tunde_Lab1", "Torok_Erika_Tunde_Lab1.csproj", "{3690562C-4544-4614-9870-D2294FB1E948}"
EndProject
Global
	GlobalSection(SolutionConfigurationPlatforms) = preSolution
		Debug|Any CPU = Debug|Any CPU
		Release|Any CPU = Release|Any CPU
	EndGlobalSection
	GlobalSection(ProjectConfigurationPlatforms) = postSolution
		{3690562C-4544-4614-9870-D2294FB1E948}.Debug|Any CPU.ActiveCfg = Debug|Any CPU
		{3690562C-4544-4614-9870-D2294FB1E948}.Debug|Any CPU.Build.0 = Debug|Any CPU
		{3690562C-4544-4614-9870-D2294FB1E948}.Release|Any CPU.ActiveCfg = Release|Any CPU
		{3690562C-4544-4614-9870-D2294FB1E948}.Release|Any CPU.Build.0 = Release|Any CPU
	EndGlobalSection
	GlobalSection(SolutionProperties) = preSolution
		HideSolutionNode = FALSE
	EndGlobalSection
	GlobalSection(ExtensibilityGlobals) = postSolution
		SolutionGuid = {74DE935C-9E20-4A73-91D9-9ED660F7D136}
	EndGlobalSection
EndGlobal
